
Microsoft Visual Studio Solution File, Format Version 12.00
# Visual Studio 15
VisualStudioVersion = 15.0.27703.2035
MinimumVisualStudioVersion = 10.0.40219.1
Project("{FAE04EC0-301F-11D3-BF4B-00C04F79EFBC}") = "Comments", "Comments\Comments.csproj", "{9B4D62FB-3004-4034-AA54-87DBB51D5975}"
EndProject
Global
	GlobalSection(SolutionConfigurationPlatforms) = preSolution
		Debug|Any CPU = Debug|Any CPU
		Release|Any CPU = Release|Any CPU
	EndGlobalSection
	GlobalSection(ProjectConfigurationPlatforms) = postSolution
		{9B4D62FB-3004-4034-AA54-87DBB51D5975}.Debug|Any CPU.ActiveCfg = Debug|Any CPU
		{9B4D62FB-3004-4034-AA54-87DBB51D5975}.Debug|Any CPU.Build.0 = Debug|Any CPU
		{9B4D62FB-3004-4034-AA54-87DBB51D5975}.Release|Any CPU.ActiveCfg = Release|Any CPU
		{9B4D62FB-3004-4034-AA54-87DBB51D5975}.Release|Any CPU.Build.0 = Release|Any CPU
	EndGlobalSection
	GlobalSection(SolutionProperties) = preSolution
		HideSolutionNode = FALSE
	EndGlobalSection
	GlobalSection(ExtensibilityGlobals) = postSolution
		SolutionGuid = {A28DC8C4-0C68-4AD8-BCCF-9ED26019103A}
	EndGlobalSection
EndGlobal
